
Microsoft Visual Studio Solution File, Format Version 12.00
# Visual Studio Version 17
VisualStudioVersion = 17.9.34622.214
MinimumVisualStudioVersion = 10.0.40219.1
Project("{FAE04EC0-301F-11D3-BF4B-00C04F79EFBC}") = "user", "user\user.csproj", "{CD232903-AFA2-4663-8CA4-8E797EC89372}"
EndProject
Global
	GlobalSection(SolutionConfigurationPlatforms) = preSolution
		Debug|Any CPU = Debug|Any CPU
		Release|Any CPU = Release|Any CPU
	EndGlobalSection
	GlobalSection(ProjectConfigurationPlatforms) = postSolution
		{CD232903-AFA2-4663-8CA4-8E797EC89372}.Debug|Any CPU.ActiveCfg = Debug|Any CPU
		{CD232903-AFA2-4663-8CA4-8E797EC89372}.Debug|Any CPU.Build.0 = Debug|Any CPU
		{CD232903-AFA2-4663-8CA4-8E797EC89372}.Release|Any CPU.ActiveCfg = Release|Any CPU
		{CD232903-AFA2-4663-8CA4-8E797EC89372}.Release|Any CPU.Build.0 = Release|Any CPU
	EndGlobalSection
	GlobalSection(SolutionProperties) = preSolution
		HideSolutionNode = FALSE
	EndGlobalSection
	GlobalSection(ExtensibilityGlobals) = postSolution
		SolutionGuid = {19D766A9-DBB8-4FA8-B97E-CBF4FBEB7235}
	EndGlobalSection
EndGlobal
